
Microsoft Visual Studio Solution File, Format Version 12.00
Project("{FAE04EC0-301F-11D3-BF4B-00C04F79EFBC}") = "Task1", "Task1\Task1.csproj", "{02103FED-6DAA-4FE5-A5C7-3BEAB7891AF5}"
EndProject
Project("{FAE04EC0-301F-11D3-BF4B-00C04F79EFBC}") = "Task2", "Task2\Task2.csproj", "{014FAA6B-62ED-4EDD-9429-B898D4B050B8}"
EndProject
Project("{FAE04EC0-301F-11D3-BF4B-00C04F79EFBC}") = "Task3", "Task3\Task3.csproj", "{0C102D61-34C5-4AF6-9719-6A8DD6121FE7}"
EndProject
Global
	GlobalSection(SolutionConfigurationPlatforms) = preSolution
		Debug|Any CPU = Debug|Any CPU
		Release|Any CPU = Release|Any CPU
	EndGlobalSection
	GlobalSection(ProjectConfigurationPlatforms) = postSolution
		{02103FED-6DAA-4FE5-A5C7-3BEAB7891AF5}.Debug|Any CPU.ActiveCfg = Debug|Any CPU
		{02103FED-6DAA-4FE5-A5C7-3BEAB7891AF5}.Debug|Any CPU.Build.0 = Debug|Any CPU
		{02103FED-6DAA-4FE5-A5C7-3BEAB7891AF5}.Release|Any CPU.ActiveCfg = Release|Any CPU
		{02103FED-6DAA-4FE5-A5C7-3BEAB7891AF5}.Release|Any CPU.Build.0 = Release|Any CPU
		{014FAA6B-62ED-4EDD-9429-B898D4B050B8}.Debug|Any CPU.ActiveCfg = Debug|Any CPU
		{014FAA6B-62ED-4EDD-9429-B898D4B050B8}.Debug|Any CPU.Build.0 = Debug|Any CPU
		{014FAA6B-62ED-4EDD-9429-B898D4B050B8}.Release|Any CPU.ActiveCfg = Release|Any CPU
		{014FAA6B-62ED-4EDD-9429-B898D4B050B8}.Release|Any CPU.Build.0 = Release|Any CPU
		{0C102D61-34C5-4AF6-9719-6A8DD6121FE7}.Debug|Any CPU.ActiveCfg = Debug|Any CPU
		{0C102D61-34C5-4AF6-9719-6A8DD6121FE7}.Debug|Any CPU.Build.0 = Debug|Any CPU
		{0C102D61-34C5-4AF6-9719-6A8DD6121FE7}.Release|Any CPU.ActiveCfg = Release|Any CPU
		{0C102D61-34C5-4AF6-9719-6A8DD6121FE7}.Release|Any CPU.Build.0 = Release|Any CPU
	EndGlobalSection
EndGlobal
